// !$*UTF8*$!
{
	archiveVersion = 1;
	classes = {
	};
	objectVersion = 56;
	objects = {

/* Begin PBXBuildFile section */
		0519993B2C4721000064923C /* Weather.swift in Sources */ = {isa = PBXBuildFile; fileRef = 0519993A2C4720FF0064923C /* Weather.swift */; };
		054E65542C471AED00E4CDD9 /* AppDelegate.swift in Sources */ = {isa = PBXBuildFile; fileRef = 054E65532C471AED00E4CDD9 /* AppDelegate.swift */; };
		054E65562C471AED00E4CDD9 /* SceneDelegate.swift in Sources */ = {isa = PBXBuildFile; fileRef = 054E65552C471AED00E4CDD9 /* SceneDelegate.swift */; };
		054E65582C471AED00E4CDD9 /* ViewController.swift in Sources */ = {isa = PBXBuildFile; fileRef = 054E65572C471AED00E4CDD9 /* ViewController.swift */; };
		054E655B2C471AED00E4CDD9 /* Main.storyboard in Resources */ = {isa = PBXBuildFile; fileRef = 054E65592C471AED00E4CDD9 /* Main.storyboard */; };
		054E655D2C471AEE00E4CDD9 /* Assets.xcassets in Resources */ = {isa = PBXBuildFile; fileRef = 054E655C2C471AEE00E4CDD9 /* Assets.xcassets */; };
		054E65602C471AEE00E4CDD9 /* LaunchScreen.storyboard in Resources */ = {isa = PBXBuildFile; fileRef = 054E655E2C471AEE00E4CDD9 /* LaunchScreen.storyboard */; };
		054E656B2C471AEF00E4CDD9 /* WeatherTests.swift in Sources */ = {isa = PBXBuildFile; fileRef = 054E656A2C471AEF00E4CDD9 /* WeatherTests.swift */; };
		054E65752C471AEF00E4CDD9 /* WeatherUITests.swift in Sources */ = {isa = PBXBuildFile; fileRef = 054E65742C471AEF00E4CDD9 /* WeatherUITests.swift */; };
		054E65772C471AEF00E4CDD9 /* WeatherUITestsLaunchTests.swift in Sources */ = {isa = PBXBuildFile; fileRef = 054E65762C471AEF00E4CDD9 /* WeatherUITestsLaunchTests.swift */; };
		E7CEDD672C4C191F00ED84B1 /* Project.config.swift in Sources */ = {isa = PBXBuildFile; fileRef = E7CEDD662C4C191F00ED84B1 /* Project.config.swift */; };
		E7CEDD692C4C1BC700ED84B1 /* Settings.swift in Sources */ = {isa = PBXBuildFile; fileRef = E7CEDD682C4C1BC700ED84B1 /* Settings.swift */; };
/* End PBXBuildFile section */

/* Begin PBXContainerItemProxy section */
		054E65672C471AEF00E4CDD9 /* PBXContainerItemProxy */ = {
			isa = PBXContainerItemProxy;
			containerPortal = 054E65482C471AED00E4CDD9 /* Project object */;
			proxyType = 1;
			remoteGlobalIDString = 054E654F2C471AED00E4CDD9;
			remoteInfo = Weather;
		};
		054E65712C471AEF00E4CDD9 /* PBXContainerItemProxy */ = {
			isa = PBXContainerItemProxy;
			containerPortal = 054E65482C471AED00E4CDD9 /* Project object */;
			proxyType = 1;
			remoteGlobalIDString = 054E654F2C471AED00E4CDD9;
			remoteInfo = Weather;
		};
/* End PBXContainerItemProxy section */

/* Begin PBXFileReference section */
		0519993A2C4720FF0064923C /* Weather.swift */ = {isa = PBXFileReference; lastKnownFileType = sourcecode.swift; path = Weather.swift; sourceTree = "<group>"; };
		054E65502C471AED00E4CDD9 /* Weather.app */ = {isa = PBXFileReference; explicitFileType = wrapper.application; includeInIndex = 0; path = Weather.app; sourceTree = BUILT_PRODUCTS_DIR; };
		054E65532C471AED00E4CDD9 /* AppDelegate.swift */ = {isa = PBXFileReference; lastKnownFileType = sourcecode.swift; path = AppDelegate.swift; sourceTree = "<group>"; };
		054E65552C471AED00E4CDD9 /* SceneDelegate.swift */ = {isa = PBXFileReference; lastKnownFileType = sourcecode.swift; path = SceneDelegate.swift; sourceTree = "<group>"; };
		054E65572C471AED00E4CDD9 /* ViewController.swift */ = {isa = PBXFileReference; lastKnownFileType = sourcecode.swift; path = ViewController.swift; sourceTree = "<group>"; };
		054E655A2C471AED00E4CDD9 /* Base */ = {isa = PBXFileReference; lastKnownFileType = file.storyboard; name = Base; path = Base.lproj/Main.storyboard; sourceTree = "<group>"; };
		054E655C2C471AEE00E4CDD9 /* Assets.xcassets */ = {isa = PBXFileReference; lastKnownFileType = folder.assetcatalog; path = Assets.xcassets; sourceTree = "<group>"; };
		054E655F2C471AEE00E4CDD9 /* Base */ = {isa = PBXFileReference; lastKnownFileType = file.storyboard; name = Base; path = Base.lproj/LaunchScreen.storyboard; sourceTree = "<group>"; };
		054E65612C471AEE00E4CDD9 /* Info.plist */ = {isa = PBXFileReference; lastKnownFileType = text.plist.xml; path = Info.plist; sourceTree = "<group>"; };
		054E65662C471AEF00E4CDD9 /* WeatherTests.xctest */ = {isa = PBXFileReference; explicitFileType = wrapper.cfbundle; includeInIndex = 0; path = WeatherTests.xctest; sourceTree = BUILT_PRODUCTS_DIR; };
		054E656A2C471AEF00E4CDD9 /* WeatherTests.swift */ = {isa = PBXFileReference; lastKnownFileType = sourcecode.swift; path = WeatherTests.swift; sourceTree = "<group>"; };
		054E65702C471AEF00E4CDD9 /* WeatherUITests.xctest */ = {isa = PBXFileReference; explicitFileType = wrapper.cfbundle; includeInIndex = 0; path = WeatherUITests.xctest; sourceTree = BUILT_PRODUCTS_DIR; };
		054E65742C471AEF00E4CDD9 /* WeatherUITests.swift */ = {isa = PBXFileReference; lastKnownFileType = sourcecode.swift; path = WeatherUITests.swift; sourceTree = "<group>"; };
		054E65762C471AEF00E4CDD9 /* WeatherUITestsLaunchTests.swift */ = {isa = PBXFileReference; lastKnownFileType = sourcecode.swift; path = WeatherUITestsLaunchTests.swift; sourceTree = "<group>"; };
		E7CEDD662C4C191F00ED84B1 /* Project.config.swift */ = {isa = PBXFileReference; lastKnownFileType = sourcecode.swift; path = Project.config.swift; sourceTree = "<group>"; };
		E7CEDD682C4C1BC700ED84B1 /* Settings.swift */ = {isa = PBXFileReference; lastKnownFileType = sourcecode.swift; path = Settings.swift; sourceTree = "<group>"; };
/* End PBXFileReference section */

/* Begin PBXFrameworksBuildPhase section */
		054E654D2C471AED00E4CDD9 /* Frameworks */ = {
			isa = PBXFrameworksBuildPhase;
			buildActionMask = 2147483647;
			files = (
			);
			runOnlyForDeploymentPostprocessing = 0;
		};
		054E65632C471AEF00E4CDD9 /* Frameworks */ = {
			isa = PBXFrameworksBuildPhase;
			buildActionMask = 2147483647;
			files = (
			);
			runOnlyForDeploymentPostprocessing = 0;
		};
		054E656D2C471AEF00E4CDD9 /* Frameworks */ = {
			isa = PBXFrameworksBuildPhase;
			buildActionMask = 2147483647;
			files = (
			);
			runOnlyForDeploymentPostprocessing = 0;
		};
/* End PBXFrameworksBuildPhase section */

/* Begin PBXGroup section */
		051999392C471F180064923C /* Models */ = {
			isa = PBXGroup;
			children = (
				0519993A2C4720FF0064923C /* Weather.swift */,
			);
			path = Models;
			sourceTree = "<group>";
		};
		054E65472C471AED00E4CDD9 = {
			isa = PBXGroup;
			children = (
				054E65522C471AED00E4CDD9 /* Weather */,
				054E65692C471AEF00E4CDD9 /* WeatherTests */,
				054E65732C471AEF00E4CDD9 /* WeatherUITests */,
				054E65512C471AED00E4CDD9 /* Products */,
			);
			sourceTree = "<group>";
		};
		054E65512C471AED00E4CDD9 /* Products */ = {
			isa = PBXGroup;
			children = (
				054E65502C471AED00E4CDD9 /* Weather.app */,
				054E65662C471AEF00E4CDD9 /* WeatherTests.xctest */,
				054E65702C471AEF00E4CDD9 /* WeatherUITests.xctest */,
			);
			name = Products;
			sourceTree = "<group>";
		};
		054E65522C471AED00E4CDD9 /* Weather */ = {
			isa = PBXGroup;
			children = (
				051999392C471F180064923C /* Models */,
				054E65532C471AED00E4CDD9 /* AppDelegate.swift */,
				054E65552C471AED00E4CDD9 /* SceneDelegate.swift */,
				054E65572C471AED00E4CDD9 /* ViewController.swift */,
				054E65592C471AED00E4CDD9 /* Main.storyboard */,
				054E655C2C471AEE00E4CDD9 /* Assets.xcassets */,
				054E655E2C471AEE00E4CDD9 /* LaunchScreen.storyboard */,
				054E65612C471AEE00E4CDD9 /* Info.plist */,
				E7CEDD662C4C191F00ED84B1 /* Project.config.swift */,
				E7CEDD682C4C1BC700ED84B1 /* Settings.swift */,
			);
			path = Weather;
			sourceTree = "<group>";
		};
		054E65692C471AEF00E4CDD9 /* WeatherTests */ = {
			isa = PBXGroup;
			children = (
				054E656A2C471AEF00E4CDD9 /* WeatherTests.swift */,
			);
			path = WeatherTests;
			sourceTree = "<group>";
		};
		054E65732C471AEF00E4CDD9 /* WeatherUITests */ = {
			isa = PBXGroup;
			children = (
				054E65742C471AEF00E4CDD9 /* WeatherUITests.swift */,
				054E65762C471AEF00E4CDD9 /* WeatherUITestsLaunchTests.swift */,
			);
			path = WeatherUITests;
			sourceTree = "<group>";
		};
/* End PBXGroup section */

/* Begin PBXNativeTarget section */
		054E654F2C471AED00E4CDD9 /* Weather */ = {
			isa = PBXNativeTarget;
			buildConfigurationList = 054E657A2C471AEF00E4CDD9 /* Build configuration list for PBXNativeTarget "Weather" */;
			buildPhases = (
				054E654C2C471AED00E4CDD9 /* Sources */,
				054E654D2C471AED00E4CDD9 /* Frameworks */,
				054E654E2C471AED00E4CDD9 /* Resources */,
			);
			buildRules = (
			);
			dependencies = (
			);
			name = Weather;
			productName = Weather;
			productReference = 054E65502C471AED00E4CDD9 /* Weather.app */;
			productType = "com.apple.product-type.application";
		};
		054E65652C471AEF00E4CDD9 /* WeatherTests */ = {
			isa = PBXNativeTarget;
			buildConfigurationList = 054E657D2C471AEF00E4CDD9 /* Build configuration list for PBXNativeTarget "WeatherTests" */;
			buildPhases = (
				054E65622C471AEF00E4CDD9 /* Sources */,
				054E65632C471AEF00E4CDD9 /* Frameworks */,
				054E65642C471AEF00E4CDD9 /* Resources */,
			);
			buildRules = (
			);
			dependencies = (
				054E65682C471AEF00E4CDD9 /* PBXTargetDependency */,
			);
			name = WeatherTests;
			productName = WeatherTests;
			productReference = 054E65662C471AEF00E4CDD9 /* WeatherTests.xctest */;
			productType = "com.apple.product-type.bundle.unit-test";
		};
		054E656F2C471AEF00E4CDD9 /* WeatherUITests */ = {
			isa = PBXNativeTarget;
			buildConfigurationList = 054E65802C471AEF00E4CDD9 /* Build configuration list for PBXNativeTarget "WeatherUITests" */;
			buildPhases = (
				054E656C2C471AEF00E4CDD9 /* Sources */,
				054E656D2C471AEF00E4CDD9 /* Frameworks */,
				054E656E2C471AEF00E4CDD9 /* Resources */,
			);
			buildRules = (
			);
			dependencies = (
				054E65722C471AEF00E4CDD9 /* PBXTargetDependency */,
			);
			name = WeatherUITests;
			productName = WeatherUITests;
			productReference = 054E65702C471AEF00E4CDD9 /* WeatherUITests.xctest */;
			productType = "com.apple.product-type.bundle.ui-testing";
		};
/* End PBXNativeTarget section */

/* Begin PBXProject section */
		054E65482C471AED00E4CDD9 /* Project object */ = {
			isa = PBXProject;
			attributes = {
				BuildIndependentTargetsInParallel = 1;
				LastSwiftUpdateCheck = 1420;
				LastUpgradeCheck = 1420;
				TargetAttributes = {
					054E654F2C471AED00E4CDD9 = {
						CreatedOnToolsVersion = 14.2;
					};
					054E65652C471AEF00E4CDD9 = {
						CreatedOnToolsVersion = 14.2;
						TestTargetID = 054E654F2C471AED00E4CDD9;
					};
					054E656F2C471AEF00E4CDD9 = {
						CreatedOnToolsVersion = 14.2;
						TestTargetID = 054E654F2C471AED00E4CDD9;
					};
				};
			};
			buildConfigurationList = 054E654B2C471AED00E4CDD9 /* Build configuration list for PBXProject "Weather" */;
			compatibilityVersion = "Xcode 14.0";
			developmentRegion = en;
			hasScannedForEncodings = 0;
			knownRegions = (
				en,
				Base,
			);
			mainGroup = 054E65472C471AED00E4CDD9;
			productRefGroup = 054E65512C471AED00E4CDD9 /* Products */;
			projectDirPath = "";
			projectRoot = "";
			targets = (
				054E654F2C471AED00E4CDD9 /* Weather */,
				054E65652C471AEF00E4CDD9 /* WeatherTests */,
				054E656F2C471AEF00E4CDD9 /* WeatherUITests */,
			);
		};
/* End PBXProject section */

/* Begin PBXResourcesBuildPhase section */
		054E654E2C471AED00E4CDD9 /* Resources */ = {
			isa = PBXResourcesBuildPhase;
			buildActionMask = 2147483647;
			files = (
				054E65602C471AEE00E4CDD9 /* LaunchScreen.storyboard in Resources */,
				054E655D2C471AEE00E4CDD9 /* Assets.xcassets in Resources */,
				054E655B2C471AED00E4CDD9 /* Main.storyboard in Resources */,
			);
			runOnlyForDeploymentPostprocessing = 0;
		};
		054E65642C471AEF00E4CDD9 /* Resources */ = {
			isa = PBXResourcesBuildPhase;
			buildActionMask = 2147483647;
			files = (
			);
			runOnlyForDeploymentPostprocessing = 0;
		};
		054E656E2C471AEF00E4CDD9 /* Resources */ = {
			isa = PBXResourcesBuildPhase;
			buildActionMask = 2147483647;
			files = (
			);
			runOnlyForDeploymentPostprocessing = 0;
		};
/* End PBXResourcesBuildPhase section */

/* Begin PBXSourcesBuildPhase section */
		054E654C2C471AED00E4CDD9 /* Sources */ = {
			isa = PBXSourcesBuildPhase;
			buildActionMask = 2147483647;
			files = (
				E7CEDD672C4C191F00ED84B1 /* Project.config.swift in Sources */,
				0519993B2C4721000064923C /* Weather.swift in Sources */,
				054E65582C471AED00E4CDD9 /* ViewController.swift in Sources */,
				E7CEDD692C4C1BC700ED84B1 /* Settings.swift in Sources */,
				054E65542C471AED00E4CDD9 /* AppDelegate.swift in Sources */,
				054E65562C471AED00E4CDD9 /* SceneDelegate.swift in Sources */,
			);
			runOnlyForDeploymentPostprocessing = 0;
		};
		054E65622C471AEF00E4CDD9 /* Sources */ = {
			isa = PBXSourcesBuildPhase;
			buildActionMask = 2147483647;
			files = (
				054E656B2C471AEF00E4CDD9 /* WeatherTests.swift in Sources */,
			);
			runOnlyForDeploymentPostprocessing = 0;
		};
		054E656C2C471AEF00E4CDD9 /* Sources */ = {
			isa = PBXSourcesBuildPhase;
			buildActionMask = 2147483647;
			files = (
				054E65752C471AEF00E4CDD9 /* WeatherUITests.swift in Sources */,
				054E65772C471AEF00E4CDD9 /* WeatherUITestsLaunchTests.swift in Sources */,
			);
			runOnlyForDeploymentPostprocessing = 0;
		};
/* End PBXSourcesBuildPhase section */

/* Begin PBXTargetDependency section */
		054E65682C471AEF00E4CDD9 /* PBXTargetDependency */ = {
			isa = PBXTargetDependency;
			target = 054E654F2C471AED00E4CDD9 /* Weather */;
			targetProxy = 054E65672C471AEF00E4CDD9 /* PBXContainerItemProxy */;
		};
		054E65722C471AEF00E4CDD9 /* PBXTargetDependency */ = {
			isa = PBXTargetDependency;
			target = 054E654F2C471AED00E4CDD9 /* Weather */;
			targetProxy = 054E65712C471AEF00E4CDD9 /* PBXContainerItemProxy */;
		};
/* End PBXTargetDependency section */

/* Begin PBXVariantGroup section */
		054E65592C471AED00E4CDD9 /* Main.storyboard */ = {
			isa = PBXVariantGroup;
			children = (
				054E655A2C471AED00E4CDD9 /* Base */,
			);
			name = Main.storyboard;
			sourceTree = "<group>";
		};
		054E655E2C471AEE00E4CDD9 /* LaunchScreen.storyboard */ = {
			isa = PBXVariantGroup;
			children = (
				054E655F2C471AEE00E4CDD9 /* Base */,
			);
			name = LaunchScreen.storyboard;
			sourceTree = "<group>";
		};
/* End PBXVariantGroup section */

/* Begin XCBuildConfiguration section */
		054E65782C471AEF00E4CDD9 /* Debug */ = {
			isa = XCBuildConfiguration;
			buildSettings = {
				ALWAYS_SEARCH_USER_PATHS = NO;
				CLANG_ANALYZER_NONNULL = YES;
				CLANG_ANALYZER_NUMBER_OBJECT_CONVERSION = YES_AGGRESSIVE;
				CLANG_CXX_LANGUAGE_STANDARD = "gnu++20";
				CLANG_ENABLE_MODULES = YES;
				CLANG_ENABLE_OBJC_ARC = YES;
				CLANG_ENABLE_OBJC_WEAK = YES;
				CLANG_WARN_BLOCK_CAPTURE_AUTORELEASING = YES;
				CLANG_WARN_BOOL_CONVERSION = YES;
				CLANG_WARN_COMMA = YES;
				CLANG_WARN_CONSTANT_CONVERSION = YES;
				CLANG_WARN_DEPRECATED_OBJC_IMPLEMENTATIONS = YES;
				CLANG_WARN_DIRECT_OBJC_ISA_USAGE = YES_ERROR;
				CLANG_WARN_DOCUMENTATION_COMMENTS = YES;
				CLANG_WARN_EMPTY_BODY = YES;
				CLANG_WARN_ENUM_CONVERSION = YES;
				CLANG_WARN_INFINITE_RECURSION = YES;
				CLANG_WARN_INT_CONVERSION = YES;
				CLANG_WARN_NON_LITERAL_NULL_CONVERSION = YES;
				CLANG_WARN_OBJC_IMPLICIT_RETAIN_SELF = YES;
				CLANG_WARN_OBJC_LITERAL_CONVERSION = YES;
				CLANG_WARN_OBJC_ROOT_CLASS = YES_ERROR;
				CLANG_WARN_QUOTED_INCLUDE_IN_FRAMEWORK_HEADER = YES;
				CLANG_WARN_RANGE_LOOP_ANALYSIS = YES;
				CLANG_WARN_STRICT_PROTOTYPES = YES;
				CLANG_WARN_SUSPICIOUS_MOVE = YES;
				CLANG_WARN_UNGUARDED_AVAILABILITY = YES_AGGRESSIVE;
				CLANG_WARN_UNREACHABLE_CODE = YES;
				CLANG_WARN__DUPLICATE_METHOD_MATCH = YES;
				COPY_PHASE_STRIP = NO;
				DEBUG_INFORMATION_FORMAT = dwarf;
				ENABLE_STRICT_OBJC_MSGSEND = YES;
				ENABLE_TESTABILITY = YES;
				GCC_C_LANGUAGE_STANDARD = gnu11;
				GCC_DYNAMIC_NO_PIC = NO;
				GCC_NO_COMMON_BLOCKS = YES;
				GCC_OPTIMIZATION_LEVEL = 0;
				GCC_PREPROCESSOR_DEFINITIONS = (
					"DEBUG=1",
					"$(inherited)",
				);
				GCC_WARN_64_TO_32_BIT_CONVERSION = YES;
				GCC_WARN_ABOUT_RETURN_TYPE = YES_ERROR;
				GCC_WARN_UNDECLARED_SELECTOR = YES;
				GCC_WARN_UNINITIALIZED_AUTOS = YES_AGGRESSIVE;
				GCC_WARN_UNUSED_FUNCTION = YES;
				GCC_WARN_UNUSED_VARIABLE = YES;
				IPHONEOS_DEPLOYMENT_TARGET = 16.2;
				MTL_ENABLE_DEBUG_INFO = INCLUDE_SOURCE;
				MTL_FAST_MATH = YES;
				ONLY_ACTIVE_ARCH = YES;
				SDKROOT = iphoneos;
				SWIFT_ACTIVE_COMPILATION_CONDITIONS = DEBUG;
				SWIFT_OPTIMIZATION_LEVEL = "-Onone";
			};
			name = Debug;
		};
		054E65792C471AEF00E4CDD9 /* Release */ = {
			isa = XCBuildConfiguration;
			buildSettings = {
				ALWAYS_SEARCH_USER_PATHS = NO;
				CLANG_ANALYZER_NONNULL = YES;
				CLANG_ANALYZER_NUMBER_OBJECT_CONVERSION = YES_AGGRESSIVE;
				CLANG_CXX_LANGUAGE_STANDARD = "gnu++20";
				CLANG_ENABLE_MODULES = YES;
				CLANG_ENABLE_OBJC_ARC = YES;
				CLANG_ENABLE_OBJC_WEAK = YES;
				CLANG_WARN_BLOCK_CAPTURE_AUTORELEASING = YES;
				CLANG_WARN_BOOL_CONVERSION = YES;
				CLANG_WARN_COMMA = YES;
				CLANG_WARN_CONSTANT_CONVERSION = YES;
				CLANG_WARN_DEPRECATED_OBJC_IMPLEMENTATIONS = YES;
				CLANG_WARN_DIRECT_OBJC_ISA_USAGE = YES_ERROR;
				CLANG_WARN_DOCUMENTATION_COMMENTS = YES;
				CLANG_WARN_EMPTY_BODY = YES;
				CLANG_WARN_ENUM_CONVERSION = YES;
				CLANG_WARN_INFINITE_RECURSION = YES;
				CLANG_WARN_INT_CONVERSION = YES;
				CLANG_WARN_NON_LITERAL_NULL_CONVERSION = YES;
				CLANG_WARN_OBJC_IMPLICIT_RETAIN_SELF = YES;
				CLANG_WARN_OBJC_LITERAL_CONVERSION = YES;
				CLANG_WARN_OBJC_ROOT_CLASS = YES_ERROR;
				CLANG_WARN_QUOTED_INCLUDE_IN_FRAMEWORK_HEADER = YES;
				CLANG_WARN_RANGE_LOOP_ANALYSIS = YES;
				CLANG_WARN_STRICT_PROTOTYPES = YES;
				CLANG_WARN_SUSPICIOUS_MOVE = YES;
				CLANG_WARN_UNGUARDED_AVAILABILITY = YES_AGGRESSIVE;
				CLANG_WARN_UNREACHABLE_CODE = YES;
				CLANG_WARN__DUPLICATE_METHOD_MATCH = YES;
				COPY_PHASE_STRIP = NO;
				DEBUG_INFORMATION_FORMAT = "dwarf-with-dsym";
				ENABLE_NS_ASSERTIONS = NO;
				ENABLE_STRICT_OBJC_MSGSEND = YES;
				GCC_C_LANGUAGE_STANDARD = gnu11;
				GCC_NO_COMMON_BLOCKS = YES;
				GCC_WARN_64_TO_32_BIT_CONVERSION = YES;
				GCC_WARN_ABOUT_RETURN_TYPE = YES_ERROR;
				GCC_WARN_UNDECLARED_SELECTOR = YES;
				GCC_WARN_UNINITIALIZED_AUTOS = YES_AGGRESSIVE;
				GCC_WARN_UNUSED_FUNCTION = YES;
				GCC_WARN_UNUSED_VARIABLE = YES;
				IPHONEOS_DEPLOYMENT_TARGET = 16.2;
				MTL_ENABLE_DEBUG_INFO = NO;
				MTL_FAST_MATH = YES;
				SDKROOT = iphoneos;
				SWIFT_COMPILATION_MODE = wholemodule;
				SWIFT_OPTIMIZATION_LEVEL = "-O";
				VALIDATE_PRODUCT = YES;
			};
			name = Release;
		};
		054E657B2C471AEF00E4CDD9 /* Debug */ = {
			isa = XCBuildConfiguration;
			buildSettings = {
				ASSETCATALOG_COMPILER_APPICON_NAME = AppIcon;
				ASSETCATALOG_COMPILER_GLOBAL_ACCENT_COLOR_NAME = AccentColor;
				CODE_SIGN_STYLE = Automatic;
				CURRENT_PROJECT_VERSION = 1;
				GENERATE_INFOPLIST_FILE = YES;
				INFOPLIST_FILE = Weather/Info.plist;
				INFOPLIST_KEY_CFBundleDisplayName = "Bruner Weather";
				INFOPLIST_KEY_UIApplicationSupportsIndirectInputEvents = YES;
				INFOPLIST_KEY_UILaunchStoryboardName = LaunchScreen;
				INFOPLIST_KEY_UIMainStoryboardFile = Main;
				INFOPLIST_KEY_UISupportedInterfaceOrientations_iPad = "UIInterfaceOrientationPortrait UIInterfaceOrientationPortraitUpsideDown UIInterfaceOrientationLandscapeLeft UIInterfaceOrientationLandscapeRight";
				INFOPLIST_KEY_UISupportedInterfaceOrientations_iPhone = "UIInterfaceOrientationPortrait UIInterfaceOrientationLandscapeLeft UIInterfaceOrientationLandscapeRight";
				LD_RUNPATH_SEARCH_PATHS = (
					"$(inherited)",
					"@executable_path/Frameworks",
				);
				MARKETING_VERSION = 1.0;
				PRODUCT_BUNDLE_IDENTIFIER = ca.on.conestogac.Weather;
				PRODUCT_NAME = "$(TARGET_NAME)";
				SWIFT_EMIT_LOC_STRINGS = YES;
				SWIFT_VERSION = 5.0;
				TARGETED_DEVICE_FAMILY = "1,2";
			};
			name = Debug;
		};
		054E657C2C471AEF00E4CDD9 /* Release */ = {
			isa = XCBuildConfiguration;
			buildSettings = {
				ASSETCATALOG_COMPILER_APPICON_NAME = AppIcon;
				ASSETCATALOG_COMPILER_GLOBAL_ACCENT_COLOR_NAME = AccentColor;
				CODE_SIGN_STYLE = Automatic;
				CURRENT_PROJECT_VERSION = 1;
				GENERATE_INFOPLIST_FILE = YES;
				INFOPLIST_FILE = Weather/Info.plist;
				INFOPLIST_KEY_CFBundleDisplayName = "Bruner Weather";
				INFOPLIST_KEY_UIApplicationSupportsIndirectInputEvents = YES;
				INFOPLIST_KEY_UILaunchStoryboardName = LaunchScreen;
				INFOPLIST_KEY_UIMainStoryboardFile = Main;
				INFOPLIST_KEY_UISupportedInterfaceOrientations_iPad = "UIInterfaceOrientationPortrait UIInterfaceOrientationPortraitUpsideDown UIInterfaceOrientationLandscapeLeft UIInterfaceOrientationLandscapeRight";
				INFOPLIST_KEY_UISupportedInterfaceOrientations_iPhone = "UIInterfaceOrientationPortrait UIInterfaceOrientationLandscapeLeft UIInterfaceOrientationLandscapeRight";
				LD_RUNPATH_SEARCH_PATHS = (
					"$(inherited)",
					"@executable_path/Frameworks",
				);
				MARKETING_VERSION = 1.0;
				PRODUCT_BUNDLE_IDENTIFIER = ca.on.conestogac.Weather;
				PRODUCT_NAME = "$(TARGET_NAME)";
				SWIFT_EMIT_LOC_STRINGS = YES;
				SWIFT_VERSION = 5.0;
				TARGETED_DEVICE_FAMILY = "1,2";
			};
			name = Release;
		};
		054E657E2C471AEF00E4CDD9 /* Debug */ = {
			isa = XCBuildConfiguration;
			buildSettings = {
				ALWAYS_EMBED_SWIFT_STANDARD_LIBRARIES = YES;
				BUNDLE_LOADER = "$(TEST_HOST)";
				CODE_SIGN_STYLE = Automatic;
				CURRENT_PROJECT_VERSION = 1;
				GENERATE_INFOPLIST_FILE = YES;
				IPHONEOS_DEPLOYMENT_TARGET = 16.2;
				MARKETING_VERSION = 1.0;
				PRODUCT_BUNDLE_IDENTIFIER = ca.on.conestogac.WeatherTests;
				PRODUCT_NAME = "$(TARGET_NAME)";
				SWIFT_EMIT_LOC_STRINGS = NO;
				SWIFT_VERSION = 5.0;
				TARGETED_DEVICE_FAMILY = "1,2";
				TEST_HOST = "$(BUILT_PRODUCTS_DIR)/Weather.app/$(BUNDLE_EXECUTABLE_FOLDER_PATH)/Weather";
			};
			name = Debug;
		};
		054E657F2C471AEF00E4CDD9 /* Release */ = {
			isa = XCBuildConfiguration;
			buildSettings = {
				ALWAYS_EMBED_SWIFT_STANDARD_LIBRARIES = YES;
				BUNDLE_LOADER = "$(TEST_HOST)";
				CODE_SIGN_STYLE = Automatic;
				CURRENT_PROJECT_VERSION = 1;
				GENERATE_INFOPLIST_FILE = YES;
				IPHONEOS_DEPLOYMENT_TARGET = 16.2;
				MARKETING_VERSION = 1.0;
				PRODUCT_BUNDLE_IDENTIFIER = ca.on.conestogac.WeatherTests;
				PRODUCT_NAME = "$(TARGET_NAME)";
				SWIFT_EMIT_LOC_STRINGS = NO;
				SWIFT_VERSION = 5.0;
				TARGETED_DEVICE_FAMILY = "1,2";
				TEST_HOST = "$(BUILT_PRODUCTS_DIR)/Weather.app/$(BUNDLE_EXECUTABLE_FOLDER_PATH)/Weather";
			};
			name = Release;
		};
		054E65812C471AEF00E4CDD9 /* Debug */ = {
			isa = XCBuildConfiguration;
			buildSettings = {
				ALWAYS_EMBED_SWIFT_STANDARD_LIBRARIES = YES;
				CODE_SIGN_STYLE = Automatic;
				CURRENT_PROJECT_VERSION = 1;
				GENERATE_INFOPLIST_FILE = YES;
				MARKETING_VERSION = 1.0;
				PRODUCT_BUNDLE_IDENTIFIER = ca.on.conestogac.WeatherUITests;
				PRODUCT_NAME = "$(TARGET_NAME)";
				SWIFT_EMIT_LOC_STRINGS = NO;
				SWIFT_VERSION = 5.0;
				TARGETED_DEVICE_FAMILY = "1,2";
				TEST_TARGET_NAME = Weather;
			};
			name = Debug;
		};
		054E65822C471AEF00E4CDD9 /* Release */ = {
			isa = XCBuildConfiguration;
			buildSettings = {
				ALWAYS_EMBED_SWIFT_STANDARD_LIBRARIES = YES;
				CODE_SIGN_STYLE = Automatic;
				CURRENT_PROJECT_VERSION = 1;
				GENERATE_INFOPLIST_FILE = YES;
				MARKETING_VERSION = 1.0;
				PRODUCT_BUNDLE_IDENTIFIER = ca.on.conestogac.WeatherUITests;
				PRODUCT_NAME = "$(TARGET_NAME)";
				SWIFT_EMIT_LOC_STRINGS = NO;
				SWIFT_VERSION = 5.0;
				TARGETED_DEVICE_FAMILY = "1,2";
				TEST_TARGET_NAME = Weather;
			};
			name = Release;
		};
/* End XCBuildConfiguration section */

/* Begin XCConfigurationList section */
		054E654B2C471AED00E4CDD9 /* Build configuration list for PBXProject "Weather" */ = {
			isa = XCConfigurationList;
			buildConfigurations = (
				054E65782C471AEF00E4CDD9 /* Debug */,
				054E65792C471AEF00E4CDD9 /* Release */,
			);
			defaultConfigurationIsVisible = 0;
			defaultConfigurationName = Release;
		};
		054E657A2C471AEF00E4CDD9 /* Build configuration list for PBXNativeTarget "Weather" */ = {
			isa = XCConfigurationList;
			buildConfigurations = (
				054E657B2C471AEF00E4CDD9 /* Debug */,
				054E657C2C471AEF00E4CDD9 /* Release */,
			);
			defaultConfigurationIsVisible = 0;
			defaultConfigurationName = Release;
		};
		054E657D2C471AEF00E4CDD9 /* Build configuration list for PBXNativeTarget "WeatherTests" */ = {
			isa = XCConfigurationList;
			buildConfigurations = (
				054E657E2C471AEF00E4CDD9 /* Debug */,
				054E657F2C471AEF00E4CDD9 /* Release */,
			);
			defaultConfigurationIsVisible = 0;
			defaultConfigurationName = Release;
		};
		054E65802C471AEF00E4CDD9 /* Build configuration list for PBXNativeTarget "WeatherUITests" */ = {
			isa = XCConfigurationList;
			buildConfigurations = (
				054E65812C471AEF00E4CDD9 /* Debug */,
				054E65822C471AEF00E4CDD9 /* Release */,
			);
			defaultConfigurationIsVisible = 0;
			defaultConfigurationName = Release;
		};
/* End XCConfigurationList section */
	};
	rootObject = 054E65482C471AED00E4CDD9 /* Project object */;
}
